
Microsoft Visual Studio Solution File, Format Version 12.00
# Visual Studio Version 16
VisualStudioVersion = 16.0.33927.289
MinimumVisualStudioVersion = 10.0.40219.1
Project("{FAE04EC0-301F-11D3-BF4B-00C04F79EFBC}") = "WindowsFormsMyAppFirst", "WindowsFormsMyAppFirst\WindowsFormsMyAppFirst.csproj", "{7BD6F0F0-9841-489D-9F46-76B4479F8C06}"
EndProject
Project("{2150E333-8FDC-42A3-9474-1A3956D46DE8}") = "Task0", "Task0", "{FFF46645-CA82-4572-9102-9F56290AEA0B}"
EndProject
Project("{FAE04EC0-301F-11D3-BF4B-00C04F79EFBC}") = "Tyuiu.IvanchikovDA.Sprint6.Task0.V11.Lib", "Tyuiu.IvanchikovDA.Sprint6.Task0.V11.Lib\Tyuiu.IvanchikovDA.Sprint6.Task0.V11.Lib.csproj", "{374601AF-3ABF-4F14-85D5-BEC35F36AC16}"
EndProject
Project("{FAE04EC0-301F-11D3-BF4B-00C04F79EFBC}") = "Tyuiu.IvanchikovDA.Sprint6.Task0.V11.Test", "Tyuiu.IvanchikovDA.Sprint6.Task0.V11.Test\Tyuiu.IvanchikovDA.Sprint6.Task0.V11.Test.csproj", "{8DA5DA61-7A76-4C3F-8EC3-93D9F8AFC812}"
EndProject
Project("{FAE04EC0-301F-11D3-BF4B-00C04F79EFBC}") = "Tyuiu.IvanchikovDA.Sprint6.Task0.V11", "Tyuiu.IvanchikovDA.Sprint6.Task0.V11\Tyuiu.IvanchikovDA.Sprint6.Task0.V11.csproj", "{89FD89ED-BD7A-4AE8-A5E4-2E59F28BE207}"
EndProject
Project("{2150E333-8FDC-42A3-9474-1A3956D46DE8}") = "Task1", "Task1", "{0D037D0A-53E0-4DF9-B3C9-4A6AE8E0DA13}"
EndProject
Project("{FAE04EC0-301F-11D3-BF4B-00C04F79EFBC}") = "Tyuiu.IvanchikovDA.Sprint6.Task1.V23", "Tyuiu.IvanchikovDA.Sprint6.Task1.V23\Tyuiu.IvanchikovDA.Sprint6.Task1.V23.csproj", "{6A16F253-542C-4553-B975-2EA616B03D47}"
EndProject
Project("{FAE04EC0-301F-11D3-BF4B-00C04F79EFBC}") = "Tyuiu.IvanchikovDA.Sprint6.Task1.V23.Lib", "Tyuiu.IvanchikovDA.Sprint6.Task1.V23.Lib\Tyuiu.IvanchikovDA.Sprint6.Task1.V23.Lib.csproj", "{64D5A384-8CA9-49EC-8B3D-DE530FF7289F}"
EndProject
Project("{FAE04EC0-301F-11D3-BF4B-00C04F79EFBC}") = "Tyuiu.IvanchikovDA.Sprint6.Task1.V23.Test", "Tyuiu.IvanchikovDA.Sprint6.Task1.V23.Test\Tyuiu.IvanchikovDA.Sprint6.Task1.V23.Test.csproj", "{DC6A76D7-2016-4D30-A6D6-B1C4F1A7EC93}"
EndProject
Project("{2150E333-8FDC-42A3-9474-1A3956D46DE8}") = "Task2", "Task2", "{8BEEA0A2-831C-4753-91E6-13DCEF2E6D7E}"
EndProject
Project("{FAE04EC0-301F-11D3-BF4B-00C04F79EFBC}") = "Tyuiu.IvanchikovDA.Sprint6.Task2.V10", "Tyuiu.IvanchikovDA.Sprint6.Task2.V10\Tyuiu.IvanchikovDA.Sprint6.Task2.V10.csproj", "{04CA5D79-95C9-4B81-A2FF-D684E2DA25B7}"
EndProject
Project("{FAE04EC0-301F-11D3-BF4B-00C04F79EFBC}") = "Tyuiu.IvanchikovDA.Sprint6.Task2.V10.Lib", "Tyuiu.IvanchikovDA.Sprint6.Task2.V10.Lib\Tyuiu.IvanchikovDA.Sprint6.Task2.V10.Lib.csproj", "{0819BC0D-F97E-4D99-98C1-9C744D9EC123}"
EndProject
Project("{FAE04EC0-301F-11D3-BF4B-00C04F79EFBC}") = "Tyuiu.IvanchikovDA.Sprint6.Task2.V10.Test", "Tyuiu.IvanchikovDA.Sprint6.Task2.V10.Test\Tyuiu.IvanchikovDA.Sprint6.Task2.V10.Test.csproj", "{77B81FE4-92AC-421E-B0D6-BD3CEE0DA8EC}"
EndProject
Project("{2150E333-8FDC-42A3-9474-1A3956D46DE8}") = "Task3", "Task3", "{13A8B389-8C27-4558-9350-A9F8AC33BFF3}"
EndProject
Project("{2150E333-8FDC-42A3-9474-1A3956D46DE8}") = "Task4", "Task4", "{F9CA4C03-CA50-45B1-B605-F75074E8CD5F}"
EndProject
Project("{FAE04EC0-301F-11D3-BF4B-00C04F79EFBC}") = "Tyuiu.IvanchikovDA.Sprint6.Task4.V10", "Tyuiu.IvanchikovDA.Sprint6.Task4.V10\Tyuiu.IvanchikovDA.Sprint6.Task4.V10.csproj", "{9D2460FB-A7B4-426A-A796-81AFF2AAB933}"
EndProject
Project("{FAE04EC0-301F-11D3-BF4B-00C04F79EFBC}") = "Tyuiu.IvanchikovDA.Sprint6.Task4.V10.Lib", "Tyuiu.IvanchikovDA.Sprint6.Task4.V10.Lib\Tyuiu.IvanchikovDA.Sprint6.Task4.V10.Lib.csproj", "{4BE7CA6F-8D2E-4E2E-AA87-5D7DC600972B}"
EndProject
Project("{FAE04EC0-301F-11D3-BF4B-00C04F79EFBC}") = "Tyuiu.IvanchikovDA.Sprint6.Task4.V10.Test", "Tyuiu.IvanchikovDA.Sprint6.Task4.V10.Test\Tyuiu.IvanchikovDA.Sprint6.Task4.V10.Test.csproj", "{917542BD-30EE-4BB5-803C-14230858ECC2}"
EndProject
Project("{2150E333-8FDC-42A3-9474-1A3956D46DE8}") = "Task5", "Task5", "{90BC1910-CAD9-4CB3-BDF4-8EBCB416BCDA}"
EndProject
Project("{2150E333-8FDC-42A3-9474-1A3956D46DE8}") = "Task6", "Task6", "{D8E8EEF1-6297-41F3-8013-B59E8A78A50C}"
EndProject
Project("{2150E333-8FDC-42A3-9474-1A3956D46DE8}") = "Task7", "Task7", "{E14C0D9A-A370-48C4-B9D1-A6D3F7AB7AC5}"
EndProject
Project("{FAE04EC0-301F-11D3-BF4B-00C04F79EFBC}") = "Tyuiu.IvanchikovDA.Sprint6.Task5.V26", "Tyuiu.IvanchikovDA.Sprint6.Task5.V26\Tyuiu.IvanchikovDA.Sprint6.Task5.V26.csproj", "{28345A51-CCCE-4B25-BE90-734AF518F291}"
EndProject
Project("{FAE04EC0-301F-11D3-BF4B-00C04F79EFBC}") = "Tyuiu.IvanchikovDA.Sprint6.Task5.V26.Lib", "Tyuiu.IvanchikovDA.Sprint6.Task5.V26.Lib\Tyuiu.IvanchikovDA.Sprint6.Task5.V26.Lib.csproj", "{3CC42CE5-D18E-46FC-9AE5-B153183078FE}"
EndProject
Project("{FAE04EC0-301F-11D3-BF4B-00C04F79EFBC}") = "Tyuiu.IvanchikovDA.Sprint6.Task5.V26.Test", "Tyuiu.IvanchikovDA.Sprint6.Task5.V26.Test\Tyuiu.IvanchikovDA.Sprint6.Task5.V26.Test.csproj", "{B1825C3F-F9C2-4CD3-813F-5672767BFA18}"
EndProject
Project("{FAE04EC0-301F-11D3-BF4B-00C04F79EFBC}") = "Tyuiu.IvanchikovDA.Sprint6.Task6.V14", "Tyuiu.IvanchikovDA.Sprint6.Task6.V14\Tyuiu.IvanchikovDA.Sprint6.Task6.V14.csproj", "{2C05AAF5-016F-4F73-8D31-9DB52D777420}"
EndProject
Project("{FAE04EC0-301F-11D3-BF4B-00C04F79EFBC}") = "Tyuiu.IvanchikovDA.Sprint6.Task6.V14.Lib", "Tyuiu.IvanchikovDA.Sprint6.Task6.V14.Lib\Tyuiu.IvanchikovDA.Sprint6.Task6.V14.Lib.csproj", "{766BBE17-A647-4699-90C7-DEB7BDE937F9}"
EndProject
Project("{FAE04EC0-301F-11D3-BF4B-00C04F79EFBC}") = "Tyuiu.IvanchikovDA.Sprint6.Task6.V14.Test", "Tyuiu.IvanchikovDA.Sprint6.Task6.V14.Test\Tyuiu.IvanchikovDA.Sprint6.Task6.V14.Test.csproj", "{105E02DE-B5EC-4458-BAFE-3F3DE8C3BC80}"
EndProject
Project("{FAE04EC0-301F-11D3-BF4B-00C04F79EFBC}") = "Tyuiu.IvanchikovDA.Sprint6.Task7.V15", "Tyuiu.IvanchikovDA.Sprint6.Task7.V15\Tyuiu.IvanchikovDA.Sprint6.Task7.V15.csproj", "{F99B7EF5-9ADB-4479-8B6B-AD79065482AD}"
EndProject
Project("{FAE04EC0-301F-11D3-BF4B-00C04F79EFBC}") = "Tyuiu.IvanchikovDA.Sprint6.Task7.V15.Lib", "Tyuiu.IvanchikovDA.Sprint6.Task7.V15.Lib\Tyuiu.IvanchikovDA.Sprint6.Task7.V15.Lib.csproj", "{BD77C3B8-DDD3-4293-BBD0-ADFB9981930A}"
EndProject
Project("{FAE04EC0-301F-11D3-BF4B-00C04F79EFBC}") = "Tyuiu.IvanchikovDA.Sprint6.Task7.V15.Test", "Tyuiu.IvanchikovDA.Sprint6.Task7.V15.Test\Tyuiu.IvanchikovDA.Sprint6.Task7.V15.Test.csproj", "{53315E8A-43E8-4DDE-A453-621D4BFE61C3}"
EndProject
Project("{FAE04EC0-301F-11D3-BF4B-00C04F79EFBC}") = "Tyuiu.IvanchikovDA.Sprint6.Task3.V30", "Tyuiu.IvanchikovDA.Sprint6.Task3.V20\Tyuiu.IvanchikovDA.Sprint6.Task3.V30.csproj", "{5379C5C1-D5C4-4677-9D5F-3B47BA455FDC}"
EndProject
Project("{FAE04EC0-301F-11D3-BF4B-00C04F79EFBC}") = "Tyuiu.IvanchikovDA.Sprint6.Task3.V30.Lib", "Tyuiu.IvanchikovDA.Sprint6.Task3.V20.Lib\Tyuiu.IvanchikovDA.Sprint6.Task3.V30.Lib.csproj", "{29FE03EA-9475-4C0A-8DDF-662C090A3F99}"
EndProject
Project("{FAE04EC0-301F-11D3-BF4B-00C04F79EFBC}") = "Tyuiu.IvanchikovDA.Sprint6.Task3.V30.Test", "Tyuiu.IvanchikovDA.Sprint6.Task3.V20.Test\Tyuiu.IvanchikovDA.Sprint6.Task3.V30.Test.csproj", "{F843BBC8-8CFB-442F-8DAF-2526ACE73FB0}"
EndProject
Global
	GlobalSection(SolutionConfigurationPlatforms) = preSolution
		Debug|Any CPU = Debug|Any CPU
		Release|Any CPU = Release|Any CPU
	EndGlobalSection
	GlobalSection(ProjectConfigurationPlatforms) = postSolution
		{7BD6F0F0-9841-489D-9F46-76B4479F8C06}.Debug|Any CPU.ActiveCfg = Debug|Any CPU
		{7BD6F0F0-9841-489D-9F46-76B4479F8C06}.Debug|Any CPU.Build.0 = Debug|Any CPU
		{7BD6F0F0-9841-489D-9F46-76B4479F8C06}.Release|Any CPU.ActiveCfg = Release|Any CPU
		{7BD6F0F0-9841-489D-9F46-76B4479F8C06}.Release|Any CPU.Build.0 = Release|Any CPU
		{374601AF-3ABF-4F14-85D5-BEC35F36AC16}.Debug|Any CPU.ActiveCfg = Debug|Any CPU
		{374601AF-3ABF-4F14-85D5-BEC35F36AC16}.Debug|Any CPU.Build.0 = Debug|Any CPU
		{374601AF-3ABF-4F14-85D5-BEC35F36AC16}.Release|Any CPU.ActiveCfg = Release|Any CPU
		{374601AF-3ABF-4F14-85D5-BEC35F36AC16}.Release|Any CPU.Build.0 = Release|Any CPU
		{8DA5DA61-7A76-4C3F-8EC3-93D9F8AFC812}.Debug|Any CPU.ActiveCfg = Debug|Any CPU
		{8DA5DA61-7A76-4C3F-8EC3-93D9F8AFC812}.Debug|Any CPU.Build.0 = Debug|Any CPU
		{8DA5DA61-7A76-4C3F-8EC3-93D9F8AFC812}.Release|Any CPU.ActiveCfg = Release|Any CPU
		{8DA5DA61-7A76-4C3F-8EC3-93D9F8AFC812}.Release|Any CPU.Build.0 = Release|Any CPU
		{89FD89ED-BD7A-4AE8-A5E4-2E59F28BE207}.Debug|Any CPU.ActiveCfg = Debug|Any CPU
		{89FD89ED-BD7A-4AE8-A5E4-2E59F28BE207}.Debug|Any CPU.Build.0 = Debug|Any CPU
		{89FD89ED-BD7A-4AE8-A5E4-2E59F28BE207}.Release|Any CPU.ActiveCfg = Release|Any CPU
		{89FD89ED-BD7A-4AE8-A5E4-2E59F28BE207}.Release|Any CPU.Build.0 = Release|Any CPU
		{6A16F253-542C-4553-B975-2EA616B03D47}.Debug|Any CPU.ActiveCfg = Debug|Any CPU
		{6A16F253-542C-4553-B975-2EA616B03D47}.Debug|Any CPU.Build.0 = Debug|Any CPU
		{6A16F253-542C-4553-B975-2EA616B03D47}.Release|Any CPU.ActiveCfg = Release|Any CPU
		{6A16F253-542C-4553-B975-2EA616B03D47}.Release|Any CPU.Build.0 = Release|Any CPU
		{64D5A384-8CA9-49EC-8B3D-DE530FF7289F}.Debug|Any CPU.ActiveCfg = Debug|Any CPU
		{64D5A384-8CA9-49EC-8B3D-DE530FF7289F}.Debug|Any CPU.Build.0 = Debug|Any CPU
		{64D5A384-8CA9-49EC-8B3D-DE530FF7289F}.Release|Any CPU.ActiveCfg = Release|Any CPU
		{64D5A384-8CA9-49EC-8B3D-DE530FF7289F}.Release|Any CPU.Build.0 = Release|Any CPU
		{DC6A76D7-2016-4D30-A6D6-B1C4F1A7EC93}.Debug|Any CPU.ActiveCfg = Debug|Any CPU
		{DC6A76D7-2016-4D30-A6D6-B1C4F1A7EC93}.Debug|Any CPU.Build.0 = Debug|Any CPU
		{DC6A76D7-2016-4D30-A6D6-B1C4F1A7EC93}.Release|Any CPU.ActiveCfg = Release|Any CPU
		{DC6A76D7-2016-4D30-A6D6-B1C4F1A7EC93}.Release|Any CPU.Build.0 = Release|Any CPU
		{04CA5D79-95C9-4B81-A2FF-D684E2DA25B7}.Debug|Any CPU.ActiveCfg = Debug|Any CPU
		{04CA5D79-95C9-4B81-A2FF-D684E2DA25B7}.Debug|Any CPU.Build.0 = Debug|Any CPU
		{04CA5D79-95C9-4B81-A2FF-D684E2DA25B7}.Release|Any CPU.ActiveCfg = Release|Any CPU
		{04CA5D79-95C9-4B81-A2FF-D684E2DA25B7}.Release|Any CPU.Build.0 = Release|Any CPU
		{0819BC0D-F97E-4D99-98C1-9C744D9EC123}.Debug|Any CPU.ActiveCfg = Debug|Any CPU
		{0819BC0D-F97E-4D99-98C1-9C744D9EC123}.Debug|Any CPU.Build.0 = Debug|Any CPU
		{0819BC0D-F97E-4D99-98C1-9C744D9EC123}.Release|Any CPU.ActiveCfg = Release|Any CPU
		{0819BC0D-F97E-4D99-98C1-9C744D9EC123}.Release|Any CPU.Build.0 = Release|Any CPU
		{77B81FE4-92AC-421E-B0D6-BD3CEE0DA8EC}.Debug|Any CPU.ActiveCfg = Debug|Any CPU
		{77B81FE4-92AC-421E-B0D6-BD3CEE0DA8EC}.Debug|Any CPU.Build.0 = Debug|Any CPU
		{77B81FE4-92AC-421E-B0D6-BD3CEE0DA8EC}.Release|Any CPU.ActiveCfg = Release|Any CPU
		{77B81FE4-92AC-421E-B0D6-BD3CEE0DA8EC}.Release|Any CPU.Build.0 = Release|Any CPU
		{9D2460FB-A7B4-426A-A796-81AFF2AAB933}.Debug|Any CPU.ActiveCfg = Debug|Any CPU
		{9D2460FB-A7B4-426A-A796-81AFF2AAB933}.Debug|Any CPU.Build.0 = Debug|Any CPU
		{9D2460FB-A7B4-426A-A796-81AFF2AAB933}.Release|Any CPU.ActiveCfg = Release|Any CPU
		{9D2460FB-A7B4-426A-A796-81AFF2AAB933}.Release|Any CPU.Build.0 = Release|Any CPU
		{4BE7CA6F-8D2E-4E2E-AA87-5D7DC600972B}.Debug|Any CPU.ActiveCfg = Debug|Any CPU
		{4BE7CA6F-8D2E-4E2E-AA87-5D7DC600972B}.Debug|Any CPU.Build.0 = Debug|Any CPU
		{4BE7CA6F-8D2E-4E2E-AA87-5D7DC600972B}.Release|Any CPU.ActiveCfg = Release|Any CPU
		{4BE7CA6F-8D2E-4E2E-AA87-5D7DC600972B}.Release|Any CPU.Build.0 = Release|Any CPU
		{917542BD-30EE-4BB5-803C-14230858ECC2}.Debug|Any CPU.ActiveCfg = Debug|Any CPU
		{917542BD-30EE-4BB5-803C-14230858ECC2}.Debug|Any CPU.Build.0 = Debug|Any CPU
		{917542BD-30EE-4BB5-803C-14230858ECC2}.Release|Any CPU.ActiveCfg = Release|Any CPU
		{917542BD-30EE-4BB5-803C-14230858ECC2}.Release|Any CPU.Build.0 = Release|Any CPU
		{28345A51-CCCE-4B25-BE90-734AF518F291}.Debug|Any CPU.ActiveCfg = Debug|Any CPU
		{28345A51-CCCE-4B25-BE90-734AF518F291}.Debug|Any CPU.Build.0 = Debug|Any CPU
		{28345A51-CCCE-4B25-BE90-734AF518F291}.Release|Any CPU.ActiveCfg = Release|Any CPU
		{28345A51-CCCE-4B25-BE90-734AF518F291}.Release|Any CPU.Build.0 = Release|Any CPU
		{3CC42CE5-D18E-46FC-9AE5-B153183078FE}.Debug|Any CPU.ActiveCfg = Debug|Any CPU
		{3CC42CE5-D18E-46FC-9AE5-B153183078FE}.Debug|Any CPU.Build.0 = Debug|Any CPU
		{3CC42CE5-D18E-46FC-9AE5-B153183078FE}.Release|Any CPU.ActiveCfg = Release|Any CPU
		{3CC42CE5-D18E-46FC-9AE5-B153183078FE}.Release|Any CPU.Build.0 = Release|Any CPU
		{B1825C3F-F9C2-4CD3-813F-5672767BFA18}.Debug|Any CPU.ActiveCfg = Debug|Any CPU
		{B1825C3F-F9C2-4CD3-813F-5672767BFA18}.Debug|Any CPU.Build.0 = Debug|Any CPU
		{B1825C3F-F9C2-4CD3-813F-5672767BFA18}.Release|Any CPU.ActiveCfg = Release|Any CPU
		{B1825C3F-F9C2-4CD3-813F-5672767BFA18}.Release|Any CPU.Build.0 = Release|Any CPU
		{2C05AAF5-016F-4F73-8D31-9DB52D777420}.Debug|Any CPU.ActiveCfg = Debug|Any CPU
		{2C05AAF5-016F-4F73-8D31-9DB52D777420}.Debug|Any CPU.Build.0 = Debug|Any CPU
		{2C05AAF5-016F-4F73-8D31-9DB52D777420}.Release|Any CPU.ActiveCfg = Release|Any CPU
		{2C05AAF5-016F-4F73-8D31-9DB52D777420}.Release|Any CPU.Build.0 = Release|Any CPU
		{766BBE17-A647-4699-90C7-DEB7BDE937F9}.Debug|Any CPU.ActiveCfg = Debug|Any CPU
		{766BBE17-A647-4699-90C7-DEB7BDE937F9}.Debug|Any CPU.Build.0 = Debug|Any CPU
		{766BBE17-A647-4699-90C7-DEB7BDE937F9}.Release|Any CPU.ActiveCfg = Release|Any CPU
		{766BBE17-A647-4699-90C7-DEB7BDE937F9}.Release|Any CPU.Build.0 = Release|Any CPU
		{105E02DE-B5EC-4458-BAFE-3F3DE8C3BC80}.Debug|Any CPU.ActiveCfg = Debug|Any CPU
		{105E02DE-B5EC-4458-BAFE-3F3DE8C3BC80}.Debug|Any CPU.Build.0 = Debug|Any CPU
		{105E02DE-B5EC-4458-BAFE-3F3DE8C3BC80}.Release|Any CPU.ActiveCfg = Release|Any CPU
		{105E02DE-B5EC-4458-BAFE-3F3DE8C3BC80}.Release|Any CPU.Build.0 = Release|Any CPU
		{F99B7EF5-9ADB-4479-8B6B-AD79065482AD}.Debug|Any CPU.ActiveCfg = Debug|Any CPU
		{F99B7EF5-9ADB-4479-8B6B-AD79065482AD}.Debug|Any CPU.Build.0 = Debug|Any CPU
		{F99B7EF5-9ADB-4479-8B6B-AD79065482AD}.Release|Any CPU.ActiveCfg = Release|Any CPU
		{F99B7EF5-9ADB-4479-8B6B-AD79065482AD}.Release|Any CPU.Build.0 = Release|Any CPU
		{BD77C3B8-DDD3-4293-BBD0-ADFB9981930A}.Debug|Any CPU.ActiveCfg = Debug|Any CPU
		{BD77C3B8-DDD3-4293-BBD0-ADFB9981930A}.Debug|Any CPU.Build.0 = Debug|Any CPU
		{BD77C3B8-DDD3-4293-BBD0-ADFB9981930A}.Release|Any CPU.ActiveCfg = Release|Any CPU
		{BD77C3B8-DDD3-4293-BBD0-ADFB9981930A}.Release|Any CPU.Build.0 = Release|Any CPU
		{53315E8A-43E8-4DDE-A453-621D4BFE61C3}.Debug|Any CPU.ActiveCfg = Debug|Any CPU
		{53315E8A-43E8-4DDE-A453-621D4BFE61C3}.Debug|Any CPU.Build.0 = Debug|Any CPU
		{53315E8A-43E8-4DDE-A453-621D4BFE61C3}.Release|Any CPU.ActiveCfg = Release|Any CPU
		{53315E8A-43E8-4DDE-A453-621D4BFE61C3}.Release|Any CPU.Build.0 = Release|Any CPU
		{5379C5C1-D5C4-4677-9D5F-3B47BA455FDC}.Debug|Any CPU.ActiveCfg = Debug|Any CPU
		{5379C5C1-D5C4-4677-9D5F-3B47BA455FDC}.Debug|Any CPU.Build.0 = Debug|Any CPU
		{5379C5C1-D5C4-4677-9D5F-3B47BA455FDC}.Release|Any CPU.ActiveCfg = Release|Any CPU
		{5379C5C1-D5C4-4677-9D5F-3B47BA455FDC}.Release|Any CPU.Build.0 = Release|Any CPU
		{29FE03EA-9475-4C0A-8DDF-662C090A3F99}.Debug|Any CPU.ActiveCfg = Debug|Any CPU
		{29FE03EA-9475-4C0A-8DDF-662C090A3F99}.Debug|Any CPU.Build.0 = Debug|Any CPU
		{29FE03EA-9475-4C0A-8DDF-662C090A3F99}.Release|Any CPU.ActiveCfg = Release|Any CPU
		{29FE03EA-9475-4C0A-8DDF-662C090A3F99}.Release|Any CPU.Build.0 = Release|Any CPU
		{F843BBC8-8CFB-442F-8DAF-2526ACE73FB0}.Debug|Any CPU.ActiveCfg = Debug|Any CPU
		{F843BBC8-8CFB-442F-8DAF-2526ACE73FB0}.Debug|Any CPU.Build.0 = Debug|Any CPU
		{F843BBC8-8CFB-442F-8DAF-2526ACE73FB0}.Release|Any CPU.ActiveCfg = Release|Any CPU
		{F843BBC8-8CFB-442F-8DAF-2526ACE73FB0}.Release|Any CPU.Build.0 = Release|Any CPU
	EndGlobalSection
	GlobalSection(SolutionProperties) = preSolution
		HideSolutionNode = FALSE
	EndGlobalSection
	GlobalSection(NestedProjects) = preSolution
		{374601AF-3ABF-4F14-85D5-BEC35F36AC16} = {FFF46645-CA82-4572-9102-9F56290AEA0B}
		{8DA5DA61-7A76-4C3F-8EC3-93D9F8AFC812} = {FFF46645-CA82-4572-9102-9F56290AEA0B}
		{89FD89ED-BD7A-4AE8-A5E4-2E59F28BE207} = {FFF46645-CA82-4572-9102-9F56290AEA0B}
		{6A16F253-542C-4553-B975-2EA616B03D47} = {0D037D0A-53E0-4DF9-B3C9-4A6AE8E0DA13}
		{64D5A384-8CA9-49EC-8B3D-DE530FF7289F} = {0D037D0A-53E0-4DF9-B3C9-4A6AE8E0DA13}
		{DC6A76D7-2016-4D30-A6D6-B1C4F1A7EC93} = {0D037D0A-53E0-4DF9-B3C9-4A6AE8E0DA13}
		{04CA5D79-95C9-4B81-A2FF-D684E2DA25B7} = {8BEEA0A2-831C-4753-91E6-13DCEF2E6D7E}
		{0819BC0D-F97E-4D99-98C1-9C744D9EC123} = {8BEEA0A2-831C-4753-91E6-13DCEF2E6D7E}
		{77B81FE4-92AC-421E-B0D6-BD3CEE0DA8EC} = {8BEEA0A2-831C-4753-91E6-13DCEF2E6D7E}
		{9D2460FB-A7B4-426A-A796-81AFF2AAB933} = {F9CA4C03-CA50-45B1-B605-F75074E8CD5F}
		{4BE7CA6F-8D2E-4E2E-AA87-5D7DC600972B} = {F9CA4C03-CA50-45B1-B605-F75074E8CD5F}
		{917542BD-30EE-4BB5-803C-14230858ECC2} = {F9CA4C03-CA50-45B1-B605-F75074E8CD5F}
		{28345A51-CCCE-4B25-BE90-734AF518F291} = {90BC1910-CAD9-4CB3-BDF4-8EBCB416BCDA}
		{3CC42CE5-D18E-46FC-9AE5-B153183078FE} = {90BC1910-CAD9-4CB3-BDF4-8EBCB416BCDA}
		{B1825C3F-F9C2-4CD3-813F-5672767BFA18} = {90BC1910-CAD9-4CB3-BDF4-8EBCB416BCDA}
		{2C05AAF5-016F-4F73-8D31-9DB52D777420} = {D8E8EEF1-6297-41F3-8013-B59E8A78A50C}
		{766BBE17-A647-4699-90C7-DEB7BDE937F9} = {D8E8EEF1-6297-41F3-8013-B59E8A78A50C}
		{105E02DE-B5EC-4458-BAFE-3F3DE8C3BC80} = {D8E8EEF1-6297-41F3-8013-B59E8A78A50C}
		{F99B7EF5-9ADB-4479-8B6B-AD79065482AD} = {E14C0D9A-A370-48C4-B9D1-A6D3F7AB7AC5}
		{BD77C3B8-DDD3-4293-BBD0-ADFB9981930A} = {E14C0D9A-A370-48C4-B9D1-A6D3F7AB7AC5}
		{53315E8A-43E8-4DDE-A453-621D4BFE61C3} = {E14C0D9A-A370-48C4-B9D1-A6D3F7AB7AC5}
		{5379C5C1-D5C4-4677-9D5F-3B47BA455FDC} = {13A8B389-8C27-4558-9350-A9F8AC33BFF3}
		{29FE03EA-9475-4C0A-8DDF-662C090A3F99} = {13A8B389-8C27-4558-9350-A9F8AC33BFF3}
		{F843BBC8-8CFB-442F-8DAF-2526ACE73FB0} = {13A8B389-8C27-4558-9350-A9F8AC33BFF3}
	EndGlobalSection
	GlobalSection(ExtensibilityGlobals) = postSolution
		SolutionGuid = {5F71A585-E4E2-47EA-BC81-B00F92BC691C}
	EndGlobalSection
EndGlobal
