
Microsoft Visual Studio Solution File, Format Version 12.00
# Visual Studio Version 16
VisualStudioVersion = 16.0.33927.289
MinimumVisualStudioVersion = 10.0.40219.1
Project("{FAE04EC0-301F-11D3-BF4B-00C04F79EFBC}") = "WindowsFormsMyAppFirst", "WindowsFormsMyAppFirst\WindowsFormsMyAppFirst.csproj", "{7BD6F0F0-9841-489D-9F46-76B4479F8C06}"
EndProject
Project("{2150E333-8FDC-42A3-9474-1A3956D46DE8}") = "Task0", "Task0", "{FFF46645-CA82-4572-9102-9F56290AEA0B}"
EndProject
Project("{FAE04EC0-301F-11D3-BF4B-00C04F79EFBC}") = "Tyuiu.IvanchikovDA.Sprint6.Task0.V11.Lib", "Tyuiu.IvanchikovDA.Sprint6.Task0.V11.Lib\Tyuiu.IvanchikovDA.Sprint6.Task0.V11.Lib.csproj", "{374601AF-3ABF-4F14-85D5-BEC35F36AC16}"
EndProject
Project("{FAE04EC0-301F-11D3-BF4B-00C04F79EFBC}") = "Tyuiu.IvanchikovDA.Sprint6.Task0.V11.Test", "Tyuiu.IvanchikovDA.Sprint6.Task0.V11.Test\Tyuiu.IvanchikovDA.Sprint6.Task0.V11.Test.csproj", "{8DA5DA61-7A76-4C3F-8EC3-93D9F8AFC812}"
EndProject
Project("{FAE04EC0-301F-11D3-BF4B-00C04F79EFBC}") = "Tyuiu.IvanchikovDA.Sprint6.Task0.V11", "Tyuiu.IvanchikovDA.Sprint6.Task0.V11\Tyuiu.IvanchikovDA.Sprint6.Task0.V11.csproj", "{89FD89ED-BD7A-4AE8-A5E4-2E59F28BE207}"
EndProject
Global
	GlobalSection(SolutionConfigurationPlatforms) = preSolution
		Debug|Any CPU = Debug|Any CPU
		Release|Any CPU = Release|Any CPU
	EndGlobalSection
	GlobalSection(ProjectConfigurationPlatforms) = postSolution
		{7BD6F0F0-9841-489D-9F46-76B4479F8C06}.Debug|Any CPU.ActiveCfg = Debug|Any CPU
		{7BD6F0F0-9841-489D-9F46-76B4479F8C06}.Debug|Any CPU.Build.0 = Debug|Any CPU
		{7BD6F0F0-9841-489D-9F46-76B4479F8C06}.Release|Any CPU.ActiveCfg = Release|Any CPU
		{7BD6F0F0-9841-489D-9F46-76B4479F8C06}.Release|Any CPU.Build.0 = Release|Any CPU
		{374601AF-3ABF-4F14-85D5-BEC35F36AC16}.Debug|Any CPU.ActiveCfg = Debug|Any CPU
		{374601AF-3ABF-4F14-85D5-BEC35F36AC16}.Debug|Any CPU.Build.0 = Debug|Any CPU
		{374601AF-3ABF-4F14-85D5-BEC35F36AC16}.Release|Any CPU.ActiveCfg = Release|Any CPU
		{374601AF-3ABF-4F14-85D5-BEC35F36AC16}.Release|Any CPU.Build.0 = Release|Any CPU
		{8DA5DA61-7A76-4C3F-8EC3-93D9F8AFC812}.Debug|Any CPU.ActiveCfg = Debug|Any CPU
		{8DA5DA61-7A76-4C3F-8EC3-93D9F8AFC812}.Debug|Any CPU.Build.0 = Debug|Any CPU
		{8DA5DA61-7A76-4C3F-8EC3-93D9F8AFC812}.Release|Any CPU.ActiveCfg = Release|Any CPU
		{8DA5DA61-7A76-4C3F-8EC3-93D9F8AFC812}.Release|Any CPU.Build.0 = Release|Any CPU
		{89FD89ED-BD7A-4AE8-A5E4-2E59F28BE207}.Debug|Any CPU.ActiveCfg = Debug|Any CPU
		{89FD89ED-BD7A-4AE8-A5E4-2E59F28BE207}.Debug|Any CPU.Build.0 = Debug|Any CPU
		{89FD89ED-BD7A-4AE8-A5E4-2E59F28BE207}.Release|Any CPU.ActiveCfg = Release|Any CPU
		{89FD89ED-BD7A-4AE8-A5E4-2E59F28BE207}.Release|Any CPU.Build.0 = Release|Any CPU
	EndGlobalSection
	GlobalSection(SolutionProperties) = preSolution
		HideSolutionNode = FALSE
	EndGlobalSection
	GlobalSection(NestedProjects) = preSolution
		{374601AF-3ABF-4F14-85D5-BEC35F36AC16} = {FFF46645-CA82-4572-9102-9F56290AEA0B}
		{8DA5DA61-7A76-4C3F-8EC3-93D9F8AFC812} = {FFF46645-CA82-4572-9102-9F56290AEA0B}
		{89FD89ED-BD7A-4AE8-A5E4-2E59F28BE207} = {FFF46645-CA82-4572-9102-9F56290AEA0B}
	EndGlobalSection
	GlobalSection(ExtensibilityGlobals) = postSolution
		SolutionGuid = {5F71A585-E4E2-47EA-BC81-B00F92BC691C}
	EndGlobalSection
EndGlobal
